// !$*UTF8*$!
{
	archiveVersion = 1;
	classes = {
	};
	objectVersion = 56;
	objects = {

/* Begin PBXBuildFile section */
		ACC59FD62C7604B200773D48 /* GitHubActionsTutorialTests.swift in Sources */ = {isa = PBXBuildFile; fileRef = ACC59FD52C7604B200773D48 /* GitHubActionsTutorialTests.swift */; };
		ACC59FDD2C7604BF00773D48 /* CalculatorTests.swift in Sources */ = {isa = PBXBuildFile; fileRef = ACC59FDC2C7604BF00773D48 /* CalculatorTests.swift */; };
		ACC59FDF2C7604D000773D48 /* Calculator.swift in Sources */ = {isa = PBXBuildFile; fileRef = ACC59FDE2C7604D000773D48 /* Calculator.swift */; };
		ACD7337D2C12DAF100069BB3 /* AppDelegate.swift in Sources */ = {isa = PBXBuildFile; fileRef = ACD7337C2C12DAF100069BB3 /* AppDelegate.swift */; };
		ACD7337F2C12DAF100069BB3 /* SceneDelegate.swift in Sources */ = {isa = PBXBuildFile; fileRef = ACD7337E2C12DAF100069BB3 /* SceneDelegate.swift */; };
		ACD733812C12DAF100069BB3 /* ViewController.swift in Sources */ = {isa = PBXBuildFile; fileRef = ACD733802C12DAF100069BB3 /* ViewController.swift */; };
		ACD733842C12DAF100069BB3 /* Base in Resources */ = {isa = PBXBuildFile; fileRef = ACD733832C12DAF100069BB3 /* Base */; };
		ACD733862C12DAF300069BB3 /* Assets.xcassets in Resources */ = {isa = PBXBuildFile; fileRef = ACD733852C12DAF300069BB3 /* Assets.xcassets */; };
		ACD733892C12DAF300069BB3 /* Base in Resources */ = {isa = PBXBuildFile; fileRef = ACD733882C12DAF300069BB3 /* Base */; };
/* End PBXBuildFile section */

/* Begin PBXContainerItemProxy section */
		ACC59FD72C7604B200773D48 /* PBXContainerItemProxy */ = {
			isa = PBXContainerItemProxy;
			containerPortal = ACD733712C12DAF100069BB3 /* Project object */;
			proxyType = 1;
			remoteGlobalIDString = ACD733782C12DAF100069BB3;
			remoteInfo = GitHubActionsTutorial;
		};
/* End PBXContainerItemProxy section */

/* Begin PBXFileReference section */
		ACC59FD32C7604B200773D48 /* GitHubActionsTutorialTests.xctest */ = {isa = PBXFileReference; explicitFileType = wrapper.cfbundle; includeInIndex = 0; path = GitHubActionsTutorialTests.xctest; sourceTree = BUILT_PRODUCTS_DIR; };
		ACC59FD52C7604B200773D48 /* GitHubActionsTutorialTests.swift */ = {isa = PBXFileReference; lastKnownFileType = sourcecode.swift; path = GitHubActionsTutorialTests.swift; sourceTree = "<group>"; };
		ACC59FDC2C7604BF00773D48 /* CalculatorTests.swift */ = {isa = PBXFileReference; lastKnownFileType = sourcecode.swift; path = CalculatorTests.swift; sourceTree = "<group>"; };
		ACC59FDE2C7604D000773D48 /* Calculator.swift */ = {isa = PBXFileReference; lastKnownFileType = sourcecode.swift; path = Calculator.swift; sourceTree = "<group>"; };
		ACD733792C12DAF100069BB3 /* GitHubActionsTutorial.app */ = {isa = PBXFileReference; explicitFileType = wrapper.application; includeInIndex = 0; path = GitHubActionsTutorial.app; sourceTree = BUILT_PRODUCTS_DIR; };
		ACD7337C2C12DAF100069BB3 /* AppDelegate.swift */ = {isa = PBXFileReference; lastKnownFileType = sourcecode.swift; path = AppDelegate.swift; sourceTree = "<group>"; };
		ACD7337E2C12DAF100069BB3 /* SceneDelegate.swift */ = {isa = PBXFileReference; lastKnownFileType = sourcecode.swift; path = SceneDelegate.swift; sourceTree = "<group>"; };
		ACD733802C12DAF100069BB3 /* ViewController.swift */ = {isa = PBXFileReference; lastKnownFileType = sourcecode.swift; path = ViewController.swift; sourceTree = "<group>"; };
		ACD733832C12DAF100069BB3 /* Base */ = {isa = PBXFileReference; lastKnownFileType = file.storyboard; name = Base; path = Base.lproj/Main.storyboard; sourceTree = "<group>"; };
		ACD733852C12DAF300069BB3 /* Assets.xcassets */ = {isa = PBXFileReference; lastKnownFileType = folder.assetcatalog; path = Assets.xcassets; sourceTree = "<group>"; };
		ACD733882C12DAF300069BB3 /* Base */ = {isa = PBXFileReference; lastKnownFileType = file.storyboard; name = Base; path = Base.lproj/LaunchScreen.storyboard; sourceTree = "<group>"; };
		ACD7338A2C12DAF300069BB3 /* Info.plist */ = {isa = PBXFileReference; lastKnownFileType = text.plist.xml; path = Info.plist; sourceTree = "<group>"; };
/* End PBXFileReference section */

/* Begin PBXFrameworksBuildPhase section */
		ACC59FD02C7604B200773D48 /* Frameworks */ = {
			isa = PBXFrameworksBuildPhase;
			buildActionMask = 2147483647;
			files = (
			);
			runOnlyForDeploymentPostprocessing = 0;
		};
		ACD733762C12DAF100069BB3 /* Frameworks */ = {
			isa = PBXFrameworksBuildPhase;
			buildActionMask = 2147483647;
			files = (
			);
			runOnlyForDeploymentPostprocessing = 0;
		};
/* End PBXFrameworksBuildPhase section */

/* Begin PBXGroup section */
		ACC59FD42C7604B200773D48 /* GitHubActionsTutorialTests */ = {
			isa = PBXGroup;
			children = (
				ACC59FD52C7604B200773D48 /* GitHubActionsTutorialTests.swift */,
				ACC59FDC2C7604BF00773D48 /* CalculatorTests.swift */,
			);
			path = GitHubActionsTutorialTests;
			sourceTree = "<group>";
		};
		ACD733702C12DAF100069BB3 = {
			isa = PBXGroup;
			children = (
				ACD7337B2C12DAF100069BB3 /* GitHubActionsTutorial */,
				ACC59FD42C7604B200773D48 /* GitHubActionsTutorialTests */,
				ACD7337A2C12DAF100069BB3 /* Products */,
			);
			sourceTree = "<group>";
		};
		ACD7337A2C12DAF100069BB3 /* Products */ = {
			isa = PBXGroup;
			children = (
				ACD733792C12DAF100069BB3 /* GitHubActionsTutorial.app */,
				ACC59FD32C7604B200773D48 /* GitHubActionsTutorialTests.xctest */,
			);
			name = Products;
			sourceTree = "<group>";
		};
		ACD7337B2C12DAF100069BB3 /* GitHubActionsTutorial */ = {
			isa = PBXGroup;
			children = (
				ACD7337C2C12DAF100069BB3 /* AppDelegate.swift */,
				ACD7337E2C12DAF100069BB3 /* SceneDelegate.swift */,
				ACD733802C12DAF100069BB3 /* ViewController.swift */,
				ACC59FDE2C7604D000773D48 /* Calculator.swift */,
				ACD733822C12DAF100069BB3 /* Main.storyboard */,
				ACD733852C12DAF300069BB3 /* Assets.xcassets */,
				ACD733872C12DAF300069BB3 /* LaunchScreen.storyboard */,
				ACD7338A2C12DAF300069BB3 /* Info.plist */,
			);
			path = GitHubActionsTutorial;
			sourceTree = "<group>";
		};
/* End PBXGroup section */

/* Begin PBXNativeTarget section */
		ACC59FD22C7604B200773D48 /* GitHubActionsTutorialTests */ = {
			isa = PBXNativeTarget;
			buildConfigurationList = ACC59FDB2C7604B200773D48 /* Build configuration list for PBXNativeTarget "GitHubActionsTutorialTests" */;
			buildPhases = (
				ACC59FCF2C7604B200773D48 /* Sources */,
				ACC59FD02C7604B200773D48 /* Frameworks */,
				ACC59FD12C7604B200773D48 /* Resources */,
			);
			buildRules = (
			);
			dependencies = (
				ACC59FD82C7604B200773D48 /* PBXTargetDependency */,
			);
			name = GitHubActionsTutorialTests;
			productName = GitHubActionsTutorialTests;
			productReference = ACC59FD32C7604B200773D48 /* GitHubActionsTutorialTests.xctest */;
			productType = "com.apple.product-type.bundle.unit-test";
		};
		ACD733782C12DAF100069BB3 /* GitHubActionsTutorial */ = {
			isa = PBXNativeTarget;
			buildConfigurationList = ACD7338D2C12DAF300069BB3 /* Build configuration list for PBXNativeTarget "GitHubActionsTutorial" */;
			buildPhases = (
				ACD733752C12DAF100069BB3 /* Sources */,
				ACD733762C12DAF100069BB3 /* Frameworks */,
				ACD733772C12DAF100069BB3 /* Resources */,
			);
			buildRules = (
			);
			dependencies = (
			);
			name = GitHubActionsTutorial;
			productName = GitHubActionsTutorial;
			productReference = ACD733792C12DAF100069BB3 /* GitHubActionsTutorial.app */;
			productType = "com.apple.product-type.application";
		};
/* End PBXNativeTarget section */

/* Begin PBXProject section */
		ACD733712C12DAF100069BB3 /* Project object */ = {
			isa = PBXProject;
			attributes = {
				BuildIndependentTargetsInParallel = 1;
				LastSwiftUpdateCheck = 1530;
				LastUpgradeCheck = 1530;
				TargetAttributes = {
					ACC59FD22C7604B200773D48 = {
						CreatedOnToolsVersion = 15.3;
						TestTargetID = ACD733782C12DAF100069BB3;
					};
					ACD733782C12DAF100069BB3 = {
						CreatedOnToolsVersion = 15.3;
					};
				};
			};
			buildConfigurationList = ACD733742C12DAF100069BB3 /* Build configuration list for PBXProject "GitHubActionsTutorial" */;
			compatibilityVersion = "Xcode 14.0";
			developmentRegion = en;
			hasScannedForEncodings = 0;
			knownRegions = (
				en,
				Base,
			);
			mainGroup = ACD733702C12DAF100069BB3;
			productRefGroup = ACD7337A2C12DAF100069BB3 /* Products */;
			projectDirPath = "";
			projectRoot = "";
			targets = (
				ACD733782C12DAF100069BB3 /* GitHubActionsTutorial */,
				ACC59FD22C7604B200773D48 /* GitHubActionsTutorialTests */,
			);
		};
/* End PBXProject section */

/* Begin PBXResourcesBuildPhase section */
		ACC59FD12C7604B200773D48 /* Resources */ = {
			isa = PBXResourcesBuildPhase;
			buildActionMask = 2147483647;
			files = (
			);
			runOnlyForDeploymentPostprocessing = 0;
		};
		ACD733772C12DAF100069BB3 /* Resources */ = {
			isa = PBXResourcesBuildPhase;
			buildActionMask = 2147483647;
			files = (
				ACD733862C12DAF300069BB3 /* Assets.xcassets in Resources */,
				ACD733892C12DAF300069BB3 /* Base in Resources */,
				ACD733842C12DAF100069BB3 /* Base in Resources */,
			);
			runOnlyForDeploymentPostprocessing = 0;
		};
/* End PBXResourcesBuildPhase section */

/* Begin PBXSourcesBuildPhase section */
		ACC59FCF2C7604B200773D48 /* Sources */ = {
			isa = PBXSourcesBuildPhase;
			buildActionMask = 2147483647;
			files = (
				ACC59FD62C7604B200773D48 /* GitHubActionsTutorialTests.swift in Sources */,
				ACC59FDD2C7604BF00773D48 /* CalculatorTests.swift in Sources */,
			);
			runOnlyForDeploymentPostprocessing = 0;
		};
		ACD733752C12DAF100069BB3 /* Sources */ = {
			isa = PBXSourcesBuildPhase;
			buildActionMask = 2147483647;
			files = (
				ACD733812C12DAF100069BB3 /* ViewController.swift in Sources */,
				ACC59FDF2C7604D000773D48 /* Calculator.swift in Sources */,
				ACD7337D2C12DAF100069BB3 /* AppDelegate.swift in Sources */,
				ACD7337F2C12DAF100069BB3 /* SceneDelegate.swift in Sources */,
			);
			runOnlyForDeploymentPostprocessing = 0;
		};
/* End PBXSourcesBuildPhase section */

/* Begin PBXTargetDependency section */
		ACC59FD82C7604B200773D48 /* PBXTargetDependency */ = {
			isa = PBXTargetDependency;
			target = ACD733782C12DAF100069BB3 /* GitHubActionsTutorial */;
			targetProxy = ACC59FD72C7604B200773D48 /* PBXContainerItemProxy */;
		};
/* End PBXTargetDependency section */

/* Begin PBXVariantGroup section */
		ACD733822C12DAF100069BB3 /* Main.storyboard */ = {
			isa = PBXVariantGroup;
			children = (
				ACD733832C12DAF100069BB3 /* Base */,
			);
			name = Main.storyboard;
			sourceTree = "<group>";
		};
		ACD733872C12DAF300069BB3 /* LaunchScreen.storyboard */ = {
			isa = PBXVariantGroup;
			children = (
				ACD733882C12DAF300069BB3 /* Base */,
			);
			name = LaunchScreen.storyboard;
			sourceTree = "<group>";
		};
/* End PBXVariantGroup section */

/* Begin XCBuildConfiguration section */
		ACC59FD92C7604B200773D48 /* Debug */ = {
			isa = XCBuildConfiguration;
			buildSettings = {
				BUNDLE_LOADER = "$(TEST_HOST)";
				CODE_SIGN_STYLE = Automatic;
				CURRENT_PROJECT_VERSION = 1;
				DEVELOPMENT_TEAM = 8WJBD73YAT;
				GENERATE_INFOPLIST_FILE = YES;
				IPHONEOS_DEPLOYMENT_TARGET = 16.0;
				MARKETING_VERSION = 1.0;
				PRODUCT_BUNDLE_IDENTIFIER = com.github.ejei0g.GitHubActionsTutorialTests;
				PRODUCT_NAME = "$(TARGET_NAME)";
				SWIFT_EMIT_LOC_STRINGS = NO;
				SWIFT_VERSION = 5.0;
				TARGETED_DEVICE_FAMILY = "1,2";
				TEST_HOST = "$(BUILT_PRODUCTS_DIR)/GitHubActionsTutorial.app/$(BUNDLE_EXECUTABLE_FOLDER_PATH)/GitHubActionsTutorial";
			};
			name = Debug;
		};
		ACC59FDA2C7604B200773D48 /* Release */ = {
			isa = XCBuildConfiguration;
			buildSettings = {
				BUNDLE_LOADER = "$(TEST_HOST)";
				CODE_SIGN_STYLE = Automatic;
				CURRENT_PROJECT_VERSION = 1;
				DEVELOPMENT_TEAM = 8WJBD73YAT;
				GENERATE_INFOPLIST_FILE = YES;
				IPHONEOS_DEPLOYMENT_TARGET = 16.0;
				MARKETING_VERSION = 1.0;
				PRODUCT_BUNDLE_IDENTIFIER = com.github.ejei0g.GitHubActionsTutorialTests;
				PRODUCT_NAME = "$(TARGET_NAME)";
				SWIFT_EMIT_LOC_STRINGS = NO;
				SWIFT_VERSION = 5.0;
				TARGETED_DEVICE_FAMILY = "1,2";
				TEST_HOST = "$(BUILT_PRODUCTS_DIR)/GitHubActionsTutorial.app/$(BUNDLE_EXECUTABLE_FOLDER_PATH)/GitHubActionsTutorial";
			};
			name = Release;
		};
		ACD7338B2C12DAF300069BB3 /* Debug */ = {
			isa = XCBuildConfiguration;
			buildSettings = {
				ALWAYS_SEARCH_USER_PATHS = NO;
				ASSETCATALOG_COMPILER_GENERATE_SWIFT_ASSET_SYMBOL_EXTENSIONS = YES;
				CLANG_ANALYZER_NONNULL = YES;
				CLANG_ANALYZER_NUMBER_OBJECT_CONVERSION = YES_AGGRESSIVE;
				CLANG_CXX_LANGUAGE_STANDARD = "gnu++20";
				CLANG_ENABLE_MODULES = YES;
				CLANG_ENABLE_OBJC_ARC = YES;
				CLANG_ENABLE_OBJC_WEAK = YES;
				CLANG_WARN_BLOCK_CAPTURE_AUTORELEASING = YES;
				CLANG_WARN_BOOL_CONVERSION = YES;
				CLANG_WARN_COMMA = YES;
				CLANG_WARN_CONSTANT_CONVERSION = YES;
				CLANG_WARN_DEPRECATED_OBJC_IMPLEMENTATIONS = YES;
				CLANG_WARN_DIRECT_OBJC_ISA_USAGE = YES_ERROR;
				CLANG_WARN_DOCUMENTATION_COMMENTS = YES;
				CLANG_WARN_EMPTY_BODY = YES;
				CLANG_WARN_ENUM_CONVERSION = YES;
				CLANG_WARN_INFINITE_RECURSION = YES;
				CLANG_WARN_INT_CONVERSION = YES;
				CLANG_WARN_NON_LITERAL_NULL_CONVERSION = YES;
				CLANG_WARN_OBJC_IMPLICIT_RETAIN_SELF = YES;
				CLANG_WARN_OBJC_LITERAL_CONVERSION = YES;
				CLANG_WARN_OBJC_ROOT_CLASS = YES_ERROR;
				CLANG_WARN_QUOTED_INCLUDE_IN_FRAMEWORK_HEADER = YES;
				CLANG_WARN_RANGE_LOOP_ANALYSIS = YES;
				CLANG_WARN_STRICT_PROTOTYPES = YES;
				CLANG_WARN_SUSPICIOUS_MOVE = YES;
				CLANG_WARN_UNGUARDED_AVAILABILITY = YES_AGGRESSIVE;
				CLANG_WARN_UNREACHABLE_CODE = YES;
				CLANG_WARN__DUPLICATE_METHOD_MATCH = YES;
				COPY_PHASE_STRIP = NO;
				DEBUG_INFORMATION_FORMAT = dwarf;
				ENABLE_STRICT_OBJC_MSGSEND = YES;
				ENABLE_TESTABILITY = YES;
				ENABLE_USER_SCRIPT_SANDBOXING = YES;
				GCC_C_LANGUAGE_STANDARD = gnu17;
				GCC_DYNAMIC_NO_PIC = NO;
				GCC_NO_COMMON_BLOCKS = YES;
				GCC_OPTIMIZATION_LEVEL = 0;
				GCC_PREPROCESSOR_DEFINITIONS = (
					"DEBUG=1",
					"$(inherited)",
				);
				GCC_WARN_64_TO_32_BIT_CONVERSION = YES;
				GCC_WARN_ABOUT_RETURN_TYPE = YES_ERROR;
				GCC_WARN_UNDECLARED_SELECTOR = YES;
				GCC_WARN_UNINITIALIZED_AUTOS = YES_AGGRESSIVE;
				GCC_WARN_UNUSED_FUNCTION = YES;
				GCC_WARN_UNUSED_VARIABLE = YES;
				IPHONEOS_DEPLOYMENT_TARGET = 16.0;
				LOCALIZATION_PREFERS_STRING_CATALOGS = YES;
				MTL_ENABLE_DEBUG_INFO = INCLUDE_SOURCE;
				MTL_FAST_MATH = YES;
				ONLY_ACTIVE_ARCH = YES;
				SDKROOT = iphoneos;
				SWIFT_ACTIVE_COMPILATION_CONDITIONS = "DEBUG $(inherited)";
				SWIFT_OPTIMIZATION_LEVEL = "-Onone";
			};
			name = Debug;
		};
		ACD7338C2C12DAF300069BB3 /* Release */ = {
			isa = XCBuildConfiguration;
			buildSettings = {
				ALWAYS_SEARCH_USER_PATHS = NO;
				ASSETCATALOG_COMPILER_GENERATE_SWIFT_ASSET_SYMBOL_EXTENSIONS = YES;
				CLANG_ANALYZER_NONNULL = YES;
				CLANG_ANALYZER_NUMBER_OBJECT_CONVERSION = YES_AGGRESSIVE;
				CLANG_CXX_LANGUAGE_STANDARD = "gnu++20";
				CLANG_ENABLE_MODULES = YES;
				CLANG_ENABLE_OBJC_ARC = YES;
				CLANG_ENABLE_OBJC_WEAK = YES;
				CLANG_WARN_BLOCK_CAPTURE_AUTORELEASING = YES;
				CLANG_WARN_BOOL_CONVERSION = YES;
				CLANG_WARN_COMMA = YES;
				CLANG_WARN_CONSTANT_CONVERSION = YES;
				CLANG_WARN_DEPRECATED_OBJC_IMPLEMENTATIONS = YES;
				CLANG_WARN_DIRECT_OBJC_ISA_USAGE = YES_ERROR;
				CLANG_WARN_DOCUMENTATION_COMMENTS = YES;
				CLANG_WARN_EMPTY_BODY = YES;
				CLANG_WARN_ENUM_CONVERSION = YES;
				CLANG_WARN_INFINITE_RECURSION = YES;
				CLANG_WARN_INT_CONVERSION = YES;
				CLANG_WARN_NON_LITERAL_NULL_CONVERSION = YES;
				CLANG_WARN_OBJC_IMPLICIT_RETAIN_SELF = YES;
				CLANG_WARN_OBJC_LITERAL_CONVERSION = YES;
				CLANG_WARN_OBJC_ROOT_CLASS = YES_ERROR;
				CLANG_WARN_QUOTED_INCLUDE_IN_FRAMEWORK_HEADER = YES;
				CLANG_WARN_RANGE_LOOP_ANALYSIS = YES;
				CLANG_WARN_STRICT_PROTOTYPES = YES;
				CLANG_WARN_SUSPICIOUS_MOVE = YES;
				CLANG_WARN_UNGUARDED_AVAILABILITY = YES_AGGRESSIVE;
				CLANG_WARN_UNREACHABLE_CODE = YES;
				CLANG_WARN__DUPLICATE_METHOD_MATCH = YES;
				COPY_PHASE_STRIP = NO;
				DEBUG_INFORMATION_FORMAT = "dwarf-with-dsym";
				ENABLE_NS_ASSERTIONS = NO;
				ENABLE_STRICT_OBJC_MSGSEND = YES;
				ENABLE_USER_SCRIPT_SANDBOXING = YES;
				GCC_C_LANGUAGE_STANDARD = gnu17;
				GCC_NO_COMMON_BLOCKS = YES;
				GCC_WARN_64_TO_32_BIT_CONVERSION = YES;
				GCC_WARN_ABOUT_RETURN_TYPE = YES_ERROR;
				GCC_WARN_UNDECLARED_SELECTOR = YES;
				GCC_WARN_UNINITIALIZED_AUTOS = YES_AGGRESSIVE;
				GCC_WARN_UNUSED_FUNCTION = YES;
				GCC_WARN_UNUSED_VARIABLE = YES;
				IPHONEOS_DEPLOYMENT_TARGET = 16.0;
				LOCALIZATION_PREFERS_STRING_CATALOGS = YES;
				MTL_ENABLE_DEBUG_INFO = NO;
				MTL_FAST_MATH = YES;
				SDKROOT = iphoneos;
				SWIFT_COMPILATION_MODE = wholemodule;
				VALIDATE_PRODUCT = YES;
			};
			name = Release;
		};
		ACD7338E2C12DAF300069BB3 /* Debug */ = {
			isa = XCBuildConfiguration;
			buildSettings = {
				ASSETCATALOG_COMPILER_APPICON_NAME = AppIcon;
				ASSETCATALOG_COMPILER_GLOBAL_ACCENT_COLOR_NAME = AccentColor;
				CODE_SIGN_STYLE = Automatic;
				CURRENT_PROJECT_VERSION = 1;
				DEVELOPMENT_TEAM = 8WJBD73YAT;
				GENERATE_INFOPLIST_FILE = YES;
				INFOPLIST_FILE = GitHubActionsTutorial/Info.plist;
				INFOPLIST_KEY_UIApplicationSupportsIndirectInputEvents = YES;
				INFOPLIST_KEY_UILaunchStoryboardName = LaunchScreen;
				INFOPLIST_KEY_UIMainStoryboardFile = Main;
				INFOPLIST_KEY_UISupportedInterfaceOrientations_iPad = "UIInterfaceOrientationPortrait UIInterfaceOrientationPortraitUpsideDown UIInterfaceOrientationLandscapeLeft UIInterfaceOrientationLandscapeRight";
				INFOPLIST_KEY_UISupportedInterfaceOrientations_iPhone = "UIInterfaceOrientationPortrait UIInterfaceOrientationLandscapeLeft UIInterfaceOrientationLandscapeRight";
				LD_RUNPATH_SEARCH_PATHS = (
					"$(inherited)",
					"@executable_path/Frameworks",
				);
				MARKETING_VERSION = 1.0;
				PRODUCT_BUNDLE_IDENTIFIER = com.github.ejei0g.GitHubActionsTutorial;
				PRODUCT_NAME = "$(TARGET_NAME)";
				SWIFT_EMIT_LOC_STRINGS = YES;
				SWIFT_VERSION = 5.0;
				TARGETED_DEVICE_FAMILY = "1,2";
			};
			name = Debug;
		};
		ACD7338F2C12DAF300069BB3 /* Release */ = {
			isa = XCBuildConfiguration;
			buildSettings = {
				ASSETCATALOG_COMPILER_APPICON_NAME = AppIcon;
				ASSETCATALOG_COMPILER_GLOBAL_ACCENT_COLOR_NAME = AccentColor;
				CODE_SIGN_STYLE = Automatic;
				CURRENT_PROJECT_VERSION = 1;
				DEVELOPMENT_TEAM = 8WJBD73YAT;
				GENERATE_INFOPLIST_FILE = YES;
				INFOPLIST_FILE = GitHubActionsTutorial/Info.plist;
				INFOPLIST_KEY_UIApplicationSupportsIndirectInputEvents = YES;
				INFOPLIST_KEY_UILaunchStoryboardName = LaunchScreen;
				INFOPLIST_KEY_UIMainStoryboardFile = Main;
				INFOPLIST_KEY_UISupportedInterfaceOrientations_iPad = "UIInterfaceOrientationPortrait UIInterfaceOrientationPortraitUpsideDown UIInterfaceOrientationLandscapeLeft UIInterfaceOrientationLandscapeRight";
				INFOPLIST_KEY_UISupportedInterfaceOrientations_iPhone = "UIInterfaceOrientationPortrait UIInterfaceOrientationLandscapeLeft UIInterfaceOrientationLandscapeRight";
				LD_RUNPATH_SEARCH_PATHS = (
					"$(inherited)",
					"@executable_path/Frameworks",
				);
				MARKETING_VERSION = 1.0;
				PRODUCT_BUNDLE_IDENTIFIER = com.github.ejei0g.GitHubActionsTutorial;
				PRODUCT_NAME = "$(TARGET_NAME)";
				SWIFT_EMIT_LOC_STRINGS = YES;
				SWIFT_VERSION = 5.0;
				TARGETED_DEVICE_FAMILY = "1,2";
			};
			name = Release;
		};
/* End XCBuildConfiguration section */

/* Begin XCConfigurationList section */
		ACC59FDB2C7604B200773D48 /* Build configuration list for PBXNativeTarget "GitHubActionsTutorialTests" */ = {
			isa = XCConfigurationList;
			buildConfigurations = (
				ACC59FD92C7604B200773D48 /* Debug */,
				ACC59FDA2C7604B200773D48 /* Release */,
			);
			defaultConfigurationIsVisible = 0;
			defaultConfigurationName = Release;
		};
		ACD733742C12DAF100069BB3 /* Build configuration list for PBXProject "GitHubActionsTutorial" */ = {
			isa = XCConfigurationList;
			buildConfigurations = (
				ACD7338B2C12DAF300069BB3 /* Debug */,
				ACD7338C2C12DAF300069BB3 /* Release */,
			);
			defaultConfigurationIsVisible = 0;
			defaultConfigurationName = Release;
		};
		ACD7338D2C12DAF300069BB3 /* Build configuration list for PBXNativeTarget "GitHubActionsTutorial" */ = {
			isa = XCConfigurationList;
			buildConfigurations = (
				ACD7338E2C12DAF300069BB3 /* Debug */,
				ACD7338F2C12DAF300069BB3 /* Release */,
			);
			defaultConfigurationIsVisible = 0;
			defaultConfigurationName = Release;
		};
/* End XCConfigurationList section */
	};
	rootObject = ACD733712C12DAF100069BB3 /* Project object */;
}
